
Microsoft Visual Studio Solution File, Format Version 12.00
# Visual Studio Version 16
VisualStudioVersion = 16.0.29503.13
MinimumVisualStudioVersion = 10.0.40219.1
Project("{9A19103F-16F7-4668-BE54-9A1E7A4F7556}") = "_eDnevnik.Web", "_eDnevnik.Web\_eDnevnik.Web.csproj", "{529EF748-AF50-4D2F-92B5-59971BF198E1}"
EndProject
Project("{9A19103F-16F7-4668-BE54-9A1E7A4F7556}") = "_eDnevnik.Data", "_eDnevnik.Data\_eDnevnik.Data.csproj", "{CC1E5A93-2DE1-42C3-97F3-6C8E2883E375}"
EndProject
Project("{FAE04EC0-301F-11D3-BF4B-00C04F79EFBC}") = "eDnevnikTest", "eDnevnikTest\eDnevnikTest.csproj", "{AEEB7A7D-0797-4A77-9988-0A874228E0F9}"
EndProject
Global
	GlobalSection(SolutionConfigurationPlatforms) = preSolution
		Debug|Any CPU = Debug|Any CPU
		Release|Any CPU = Release|Any CPU
	EndGlobalSection
	GlobalSection(ProjectConfigurationPlatforms) = postSolution
		{529EF748-AF50-4D2F-92B5-59971BF198E1}.Debug|Any CPU.ActiveCfg = Debug|Any CPU
		{529EF748-AF50-4D2F-92B5-59971BF198E1}.Debug|Any CPU.Build.0 = Debug|Any CPU
		{529EF748-AF50-4D2F-92B5-59971BF198E1}.Release|Any CPU.ActiveCfg = Release|Any CPU
		{529EF748-AF50-4D2F-92B5-59971BF198E1}.Release|Any CPU.Build.0 = Release|Any CPU
		{CC1E5A93-2DE1-42C3-97F3-6C8E2883E375}.Debug|Any CPU.ActiveCfg = Debug|Any CPU
		{CC1E5A93-2DE1-42C3-97F3-6C8E2883E375}.Debug|Any CPU.Build.0 = Debug|Any CPU
		{CC1E5A93-2DE1-42C3-97F3-6C8E2883E375}.Release|Any CPU.ActiveCfg = Release|Any CPU
		{CC1E5A93-2DE1-42C3-97F3-6C8E2883E375}.Release|Any CPU.Build.0 = Release|Any CPU
		{AEEB7A7D-0797-4A77-9988-0A874228E0F9}.Debug|Any CPU.ActiveCfg = Debug|Any CPU
		{AEEB7A7D-0797-4A77-9988-0A874228E0F9}.Debug|Any CPU.Build.0 = Debug|Any CPU
		{AEEB7A7D-0797-4A77-9988-0A874228E0F9}.Release|Any CPU.ActiveCfg = Release|Any CPU
		{AEEB7A7D-0797-4A77-9988-0A874228E0F9}.Release|Any CPU.Build.0 = Release|Any CPU
	EndGlobalSection
	GlobalSection(SolutionProperties) = preSolution
		HideSolutionNode = FALSE
	EndGlobalSection
	GlobalSection(ExtensibilityGlobals) = postSolution
		SolutionGuid = {8E765000-CFF6-4E57-9DCA-F1CFFA692B4C}
	EndGlobalSection
EndGlobal
